
Microsoft Visual Studio Solution File, Format Version 12.00
# Visual Studio Version 17
VisualStudioVersion = 17.11.35327.3
MinimumVisualStudioVersion = 10.0.40219.1
Project("{FAE04EC0-301F-11D3-BF4B-00C04F79EFBC}") = "HotelSQL", "HotelSQL.csproj", "{EE955FD6-5999-45B8-9C18-0135CE71E671}"
EndProject
Project("{54435603-DBB4-11D2-8724-00A0C9A8B90C}") = "HotelManagerSetup", "..\HotelManagerSetup\HotelManagerSetup.vdproj", "{AC90F09B-647B-480E-8083-A809E5A7432B}"
EndProject
Global
	GlobalSection(SolutionConfigurationPlatforms) = preSolution
		Debug|Any CPU = Debug|Any CPU
		Release|Any CPU = Release|Any CPU
	EndGlobalSection
	GlobalSection(ProjectConfigurationPlatforms) = postSolution
		{EE955FD6-5999-45B8-9C18-0135CE71E671}.Debug|Any CPU.ActiveCfg = Debug|Any CPU
		{EE955FD6-5999-45B8-9C18-0135CE71E671}.Debug|Any CPU.Build.0 = Debug|Any CPU
		{EE955FD6-5999-45B8-9C18-0135CE71E671}.Release|Any CPU.ActiveCfg = Release|Any CPU
		{EE955FD6-5999-45B8-9C18-0135CE71E671}.Release|Any CPU.Build.0 = Release|Any CPU
		{AC90F09B-647B-480E-8083-A809E5A7432B}.Debug|Any CPU.ActiveCfg = Debug
		{AC90F09B-647B-480E-8083-A809E5A7432B}.Release|Any CPU.ActiveCfg = Release
	EndGlobalSection
	GlobalSection(SolutionProperties) = preSolution
		HideSolutionNode = FALSE
	EndGlobalSection
	GlobalSection(ExtensibilityGlobals) = postSolution
		SolutionGuid = {D419F317-8DA8-46D3-9DE3-29A0FF74F7DF}
	EndGlobalSection
EndGlobal
